{
  "version": 4,
  "terraform_version": "1.5.7",
  "serial": 1,
  "lineage": "3bfd8cd1-270b-5cc2-23cc-632cfdb958a4",
  "outputs": {},
  "resources": [
    {
      "mode": "managed",
      "type": "aws_vpc",
      "name": "web_vpc",
      "provider": "provider[\"registry.terraform.io/hashicorp/aws\"]",
      "instances": [
        {
          "schema_version": 1,
          "attributes": {
            "arn": "arn:aws:ec2:us-east-1:654654549066:vpc/vpc-083904234fcdde8a2",
            "assign_generated_ipv6_cidr_block": false,
            "cidr_block": "10.0.0.0/16",
            "default_network_acl_id": "acl-08c30f653a2e48da3",
            "default_route_table_id": "rtb-0e2f8385d5c725cf1",
            "default_security_group_id": "sg-08e897d9a80095009",
            "dhcp_options_id": "dopt-0faab2c88faaccfa7",
            "enable_classiclink": false,
            "enable_classiclink_dns_support": false,
            "enable_dns_hostnames": true,
            "enable_dns_support": true,
            "enable_network_address_usage_metrics": false,
            "id": "vpc-083904234fcdde8a2",
            "instance_tenancy": "default",
            "ipv4_ipam_pool_id": null,
            "ipv4_netmask_length": null,
            "ipv6_association_id": "",
            "ipv6_cidr_block": "",
            "ipv6_cidr_block_network_border_group": "",
            "ipv6_ipam_pool_id": "",
            "ipv6_netmask_length": 0,
            "main_route_table_id": "rtb-0e2f8385d5c725cf1",
            "owner_id": "654654549066",
            "tags": {
              "Name": "web_vpc"
            },
            "tags_all": {
              "Name": "web_vpc"
            }
          },
          "sensitive_attributes": [],
          "private": "eyJzY2hlbWFfdmVyc2lvbiI6IjEifQ=="
        }
      ]
    }
  ],
  "check_results": null
}
